
Microsoft Visual Studio Solution File, Format Version 12.00
# Visual Studio 14
VisualStudioVersion = 14.0.25420.1
MinimumVisualStudioVersion = 10.0.40219.1
Project("{FAE04EC0-301F-11D3-BF4B-00C04F79EFBC}") = "DonTP", "DonTP\DonTP.csproj", "{14E9C29E-BBAA-47FC-BE28-BEA5CA3B8611}"
	ProjectSection(ProjectDependencies) = postProject
		{D465889F-33E9-42D6-AB4B-CCE8F27F9E34} = {D465889F-33E9-42D6-AB4B-CCE8F27F9E34}
	EndProjectSection
EndProject
Project("{FAE04EC0-301F-11D3-BF4B-00C04F79EFBC}") = "CarService", "CarService\CarService.csproj", "{D465889F-33E9-42D6-AB4B-CCE8F27F9E34}"
EndProject
Global
	GlobalSection(SolutionConfigurationPlatforms) = preSolution
		Debug|Any CPU = Debug|Any CPU
		Release|Any CPU = Release|Any CPU
	EndGlobalSection
	GlobalSection(ProjectConfigurationPlatforms) = postSolution
		{14E9C29E-BBAA-47FC-BE28-BEA5CA3B8611}.Debug|Any CPU.ActiveCfg = Debug|Any CPU
		{14E9C29E-BBAA-47FC-BE28-BEA5CA3B8611}.Debug|Any CPU.Build.0 = Debug|Any CPU
		{14E9C29E-BBAA-47FC-BE28-BEA5CA3B8611}.Release|Any CPU.ActiveCfg = Release|Any CPU
		{14E9C29E-BBAA-47FC-BE28-BEA5CA3B8611}.Release|Any CPU.Build.0 = Release|Any CPU
		{D465889F-33E9-42D6-AB4B-CCE8F27F9E34}.Debug|Any CPU.ActiveCfg = Debug|Any CPU
		{D465889F-33E9-42D6-AB4B-CCE8F27F9E34}.Debug|Any CPU.Build.0 = Debug|Any CPU
		{D465889F-33E9-42D6-AB4B-CCE8F27F9E34}.Release|Any CPU.ActiveCfg = Release|Any CPU
		{D465889F-33E9-42D6-AB4B-CCE8F27F9E34}.Release|Any CPU.Build.0 = Release|Any CPU
	EndGlobalSection
	GlobalSection(SolutionProperties) = preSolution
		HideSolutionNode = FALSE
	EndGlobalSection
EndGlobal
